
Microsoft Visual Studio Solution File, Format Version 12.00
# Visual Studio 15
VisualStudioVersion = 15.0.27428.2037
MinimumVisualStudioVersion = 10.0.40219.1
Project("{8BC9CEB8-8B4A-11D0-8D11-00A0C91BC942}") = "GradeAnalysis", "GradeAnalysis\GradeAnalysis.vcxproj", "{5454E23A-8ADF-4B91-8DA2-D8F371149D7A}"
EndProject
Project("{8BC9CEB8-8B4A-11D0-8D11-00A0C91BC942}") = "Palindrome", "Palindrome\Palindrome.vcxproj", "{9930A8F8-A937-4824-94C3-2F91F5D25639}"
EndProject
Project("{2150E333-8FDC-42A3-9474-1A3956D46DE8}") = "Solution Items", "Solution Items", "{A80D7A6E-F43A-4F34-B0FE-535A089CC895}"
	ProjectSection(SolutionItems) = preProject
		README.md = README.md
	EndProjectSection
EndProject
Project("{8BC9CEB8-8B4A-11D0-8D11-00A0C91BC942}") = "Quiz2", "Quiz2\Quiz2.vcxproj", "{6963907F-E8E1-451E-A78C-DF68857E8BC8}"
EndProject
Global
	GlobalSection(SolutionConfigurationPlatforms) = preSolution
		Debug|x64 = Debug|x64
		Debug|x86 = Debug|x86
		Release|x64 = Release|x64
		Release|x86 = Release|x86
	EndGlobalSection
	GlobalSection(ProjectConfigurationPlatforms) = postSolution
		{5454E23A-8ADF-4B91-8DA2-D8F371149D7A}.Debug|x64.ActiveCfg = Debug|x64
		{5454E23A-8ADF-4B91-8DA2-D8F371149D7A}.Debug|x64.Build.0 = Debug|x64
		{5454E23A-8ADF-4B91-8DA2-D8F371149D7A}.Debug|x86.ActiveCfg = Debug|Win32
		{5454E23A-8ADF-4B91-8DA2-D8F371149D7A}.Debug|x86.Build.0 = Debug|Win32
		{5454E23A-8ADF-4B91-8DA2-D8F371149D7A}.Release|x64.ActiveCfg = Release|x64
		{5454E23A-8ADF-4B91-8DA2-D8F371149D7A}.Release|x64.Build.0 = Release|x64
		{5454E23A-8ADF-4B91-8DA2-D8F371149D7A}.Release|x86.ActiveCfg = Release|Win32
		{5454E23A-8ADF-4B91-8DA2-D8F371149D7A}.Release|x86.Build.0 = Release|Win32
		{9930A8F8-A937-4824-94C3-2F91F5D25639}.Debug|x64.ActiveCfg = Debug|x64
		{9930A8F8-A937-4824-94C3-2F91F5D25639}.Debug|x64.Build.0 = Debug|x64
		{9930A8F8-A937-4824-94C3-2F91F5D25639}.Debug|x86.ActiveCfg = Debug|Win32
		{9930A8F8-A937-4824-94C3-2F91F5D25639}.Debug|x86.Build.0 = Debug|Win32
		{9930A8F8-A937-4824-94C3-2F91F5D25639}.Release|x64.ActiveCfg = Release|x64
		{9930A8F8-A937-4824-94C3-2F91F5D25639}.Release|x64.Build.0 = Release|x64
		{9930A8F8-A937-4824-94C3-2F91F5D25639}.Release|x86.ActiveCfg = Release|Win32
		{9930A8F8-A937-4824-94C3-2F91F5D25639}.Release|x86.Build.0 = Release|Win32
		{6963907F-E8E1-451E-A78C-DF68857E8BC8}.Debug|x64.ActiveCfg = Debug|x64
		{6963907F-E8E1-451E-A78C-DF68857E8BC8}.Debug|x64.Build.0 = Debug|x64
		{6963907F-E8E1-451E-A78C-DF68857E8BC8}.Debug|x86.ActiveCfg = Debug|Win32
		{6963907F-E8E1-451E-A78C-DF68857E8BC8}.Debug|x86.Build.0 = Debug|Win32
		{6963907F-E8E1-451E-A78C-DF68857E8BC8}.Release|x64.ActiveCfg = Release|x64
		{6963907F-E8E1-451E-A78C-DF68857E8BC8}.Release|x64.Build.0 = Release|x64
		{6963907F-E8E1-451E-A78C-DF68857E8BC8}.Release|x86.ActiveCfg = Release|Win32
		{6963907F-E8E1-451E-A78C-DF68857E8BC8}.Release|x86.Build.0 = Release|Win32
	EndGlobalSection
	GlobalSection(SolutionProperties) = preSolution
		HideSolutionNode = FALSE
	EndGlobalSection
	GlobalSection(ExtensibilityGlobals) = postSolution
		SolutionGuid = {970C8BF9-A933-4FB3-9E1B-B1ABC3231D8B}
	EndGlobalSection
EndGlobal
